
Microsoft Visual Studio Solution File, Format Version 12.00
# Visual Studio Version 17
VisualStudioVersion = 17.8.34322.80
MinimumVisualStudioVersion = 10.0.40219.1
Project("{FAE04EC0-301F-11D3-BF4B-00C04F79EFBC}") = "TankSizer", "TankSizer\TankSizer.csproj", "{50EF4A50-E2D2-46C8-B909-AC4A9392B7E1}"
EndProject
Global
	GlobalSection(SolutionConfigurationPlatforms) = preSolution
		Debug|Any CPU = Debug|Any CPU
		Release|Any CPU = Release|Any CPU
	EndGlobalSection
	GlobalSection(ProjectConfigurationPlatforms) = postSolution
		{50EF4A50-E2D2-46C8-B909-AC4A9392B7E1}.Debug|Any CPU.ActiveCfg = Debug|Any CPU
		{50EF4A50-E2D2-46C8-B909-AC4A9392B7E1}.Debug|Any CPU.Build.0 = Debug|Any CPU
		{50EF4A50-E2D2-46C8-B909-AC4A9392B7E1}.Release|Any CPU.ActiveCfg = Release|Any CPU
		{50EF4A50-E2D2-46C8-B909-AC4A9392B7E1}.Release|Any CPU.Build.0 = Release|Any CPU
	EndGlobalSection
	GlobalSection(SolutionProperties) = preSolution
		HideSolutionNode = FALSE
	EndGlobalSection
	GlobalSection(ExtensibilityGlobals) = postSolution
		SolutionGuid = {67C68F8B-1E24-43D6-AEB8-13BBA75F4D22}
	EndGlobalSection
EndGlobal
